github.com/Dovar001/bank/v2 v2.0.0-20210401152252-184de87aaef6 h1:FW/Ph610FyO+PuGkNMXwy3lgg8KVd405nPJ4iruL084=
github.com/Dovar001/bank/v2 v2.0.0-20210401152252-184de87aaef6/go.mod h1:F+oX+x013rDKMqNGSQBjFE0jhA8onVR8o2gJiffI+aE=
github.com/Dovar001/bank/v2 v2.0.0 h1:bsXWbl1Vpt9VCb6+WrTkeDR/c9cJh8X7YH1wacpmCsw=
github.com/Dovar001/bank/v2 v2.0.0/go.mod h1:F+oX+x013rDKMqNGSQBjFE0jhA8onVR8o2gJiffI+aE=
